
Microsoft Visual Studio Solution File, Format Version 12.00
# Visual Studio 14
VisualStudioVersion = 14.0.25420.1
MinimumVisualStudioVersion = 10.0.40219.1
Project("{FAE04EC0-301F-11D3-BF4B-00C04F79EFBC}") = "EFRemoveManyToManyDemo_ljy", "EFRemoveManyToManyDemo_ljy\EFRemoveManyToManyDemo_ljy.csproj", "{62C27F51-F7B8-4BEF-AF6A-7F899AA0A7DF}"
EndProject
Global
	GlobalSection(SolutionConfigurationPlatforms) = preSolution
		Debug|Any CPU = Debug|Any CPU
		Release|Any CPU = Release|Any CPU
	EndGlobalSection
	GlobalSection(ProjectConfigurationPlatforms) = postSolution
		{62C27F51-F7B8-4BEF-AF6A-7F899AA0A7DF}.Debug|Any CPU.ActiveCfg = Debug|Any CPU
		{62C27F51-F7B8-4BEF-AF6A-7F899AA0A7DF}.Debug|Any CPU.Build.0 = Debug|Any CPU
		{62C27F51-F7B8-4BEF-AF6A-7F899AA0A7DF}.Release|Any CPU.ActiveCfg = Release|Any CPU
		{62C27F51-F7B8-4BEF-AF6A-7F899AA0A7DF}.Release|Any CPU.Build.0 = Release|Any CPU
	EndGlobalSection
	GlobalSection(SolutionProperties) = preSolution
		HideSolutionNode = FALSE
	EndGlobalSection
EndGlobal
